
Microsoft Visual Studio Solution File, Format Version 12.00
# Visual Studio 2015
Project("{FAE04EC0-301F-11D3-BF4B-00C04F79EFBC}") = "CW.CSharp", "CW.CSharp.csproj", "{BA0AEF82-A2C0-DB00-D78B-2D1DEBAF40F3}"
EndProject
Project("{FAE04EC0-301F-11D3-BF4B-00C04F79EFBC}") = "CW.CSharp.Editor", "CW.CSharp.Editor.csproj", "{051D0A60-2106-EEC7-297F-3FDCF03D36AF}"
EndProject
Global
	GlobalSection(SolutionConfigurationPlatforms) = preSolution
		Debug|Any CPU = Debug|Any CPU
		Release|Any CPU = Release|Any CPU
	EndGlobalSection
	GlobalSection(ProjectConfigurationPlatforms) = postSolution
		{BA0AEF82-A2C0-DB00-D78B-2D1DEBAF40F3}.Debug|Any CPU.ActiveCfg = Debug|Any CPU
		{BA0AEF82-A2C0-DB00-D78B-2D1DEBAF40F3}.Debug|Any CPU.Build.0 = Debug|Any CPU
		{BA0AEF82-A2C0-DB00-D78B-2D1DEBAF40F3}.Release|Any CPU.ActiveCfg = Release|Any CPU
		{BA0AEF82-A2C0-DB00-D78B-2D1DEBAF40F3}.Release|Any CPU.Build.0 = Release|Any CPU
		{051D0A60-2106-EEC7-297F-3FDCF03D36AF}.Debug|Any CPU.ActiveCfg = Debug|Any CPU
		{051D0A60-2106-EEC7-297F-3FDCF03D36AF}.Debug|Any CPU.Build.0 = Debug|Any CPU
		{051D0A60-2106-EEC7-297F-3FDCF03D36AF}.Release|Any CPU.ActiveCfg = Release|Any CPU
		{051D0A60-2106-EEC7-297F-3FDCF03D36AF}.Release|Any CPU.Build.0 = Release|Any CPU
	EndGlobalSection
	GlobalSection(SolutionProperties) = preSolution
		HideSolutionNode = FALSE
	EndGlobalSection
EndGlobal
