Microsoft Visual Studio Solution File, Format Version 11.00
# Visual Studio 2008

Project("{0707BA09-2E91-260B-305C-326E6A353593}") = "cw", "Assembly-CSharp.csproj", "{DAABE427-D1ED-C948-AA91-F8D5D7839006}"
EndProject
Project("{0707BA09-2E91-260B-305C-326E6A353593}") = "cw", "Assembly-CSharp-Editor.csproj", "{9908E029-C158-75A6-E6C7-129A6AE42B03}"
EndProject
Global
	GlobalSection(SolutionConfigurationPlatforms) = preSolution
		Debug|Any CPU = Debug|Any CPU
		Release|Any CPU = Release|Any CPU
	EndGlobalSection
	GlobalSection(ProjectConfigurationPlatforms) = postSolution
		{DAABE427-D1ED-C948-AA91-F8D5D7839006}.Debug|Any CPU.ActiveCfg = Debug|Any CPU
		{DAABE427-D1ED-C948-AA91-F8D5D7839006}.Debug|Any CPU.Build.0 = Debug|Any CPU
		{DAABE427-D1ED-C948-AA91-F8D5D7839006}.Release|Any CPU.ActiveCfg = Release|Any CPU
		{DAABE427-D1ED-C948-AA91-F8D5D7839006}.Release|Any CPU.Build.0 = Release|Any CPU
		{9908E029-C158-75A6-E6C7-129A6AE42B03}.Debug|Any CPU.ActiveCfg = Debug|Any CPU
		{9908E029-C158-75A6-E6C7-129A6AE42B03}.Debug|Any CPU.Build.0 = Debug|Any CPU
		{9908E029-C158-75A6-E6C7-129A6AE42B03}.Release|Any CPU.ActiveCfg = Release|Any CPU
		{9908E029-C158-75A6-E6C7-129A6AE42B03}.Release|Any CPU.Build.0 = Release|Any CPU
	EndGlobalSection
	GlobalSection(SolutionProperties) = preSolution
		HideSolutionNode = FALSE
	EndGlobalSection
	GlobalSection(MonoDevelopProperties) = preSolution
		StartupItem = Assembly-CSharp.csproj
	EndGlobalSection
EndGlobal
